
Microsoft Visual Studio Solution File, Format Version 12.00
# Visual Studio Version 16
VisualStudioVersion = 16.0.29209.62
MinimumVisualStudioVersion = 10.0.40219.1
Project("{FAE04EC0-301F-11D3-BF4B-00C04F79EFBC}") = "WebApp", "WebApp\WebApp.csproj", "{B99C1DDA-C69D-4D15-B17A-A525A3EB584D}"
EndProject
Project("{FAE04EC0-301F-11D3-BF4B-00C04F79EFBC}") = "ChinookSystem.Data", "ChinookSystem.Data\ChinookSystem.Data.csproj", "{D9473030-10AC-40F6-99E5-35249758906B}"
EndProject
Project("{FAE04EC0-301F-11D3-BF4B-00C04F79EFBC}") = "ChinookSystem", "ChinookSystem\ChinookSystem.csproj", "{8FF19D4C-7D62-498E-8399-FE2AFF2787FB}"
EndProject
Global
	GlobalSection(SolutionConfigurationPlatforms) = preSolution
		Debug|Any CPU = Debug|Any CPU
		Release|Any CPU = Release|Any CPU
	EndGlobalSection
	GlobalSection(ProjectConfigurationPlatforms) = postSolution
		{B99C1DDA-C69D-4D15-B17A-A525A3EB584D}.Debug|Any CPU.ActiveCfg = Debug|Any CPU
		{B99C1DDA-C69D-4D15-B17A-A525A3EB584D}.Debug|Any CPU.Build.0 = Debug|Any CPU
		{B99C1DDA-C69D-4D15-B17A-A525A3EB584D}.Release|Any CPU.ActiveCfg = Release|Any CPU
		{B99C1DDA-C69D-4D15-B17A-A525A3EB584D}.Release|Any CPU.Build.0 = Release|Any CPU
		{D9473030-10AC-40F6-99E5-35249758906B}.Debug|Any CPU.ActiveCfg = Debug|Any CPU
		{D9473030-10AC-40F6-99E5-35249758906B}.Debug|Any CPU.Build.0 = Debug|Any CPU
		{D9473030-10AC-40F6-99E5-35249758906B}.Release|Any CPU.ActiveCfg = Release|Any CPU
		{D9473030-10AC-40F6-99E5-35249758906B}.Release|Any CPU.Build.0 = Release|Any CPU
		{8FF19D4C-7D62-498E-8399-FE2AFF2787FB}.Debug|Any CPU.ActiveCfg = Debug|Any CPU
		{8FF19D4C-7D62-498E-8399-FE2AFF2787FB}.Debug|Any CPU.Build.0 = Debug|Any CPU
		{8FF19D4C-7D62-498E-8399-FE2AFF2787FB}.Release|Any CPU.ActiveCfg = Release|Any CPU
		{8FF19D4C-7D62-498E-8399-FE2AFF2787FB}.Release|Any CPU.Build.0 = Release|Any CPU
	EndGlobalSection
	GlobalSection(SolutionProperties) = preSolution
		HideSolutionNode = FALSE
	EndGlobalSection
	GlobalSection(ExtensibilityGlobals) = postSolution
		SolutionGuid = {A27D7A34-9C32-40B6-8BB0-1AAD5F99DD45}
	EndGlobalSection
EndGlobal
